// !$*UTF8*$!
{
	archiveVersion = 1;
	classes = {
	};
	objectVersion = 46;
	objects = {

/* Begin PBXBuildFile section */
		C7DDFF291C337F63006E8FE5 /* main.m in Sources */ = {isa = PBXBuildFile; fileRef = C7DDFF281C337F63006E8FE5 /* main.m */; };
		C7DDFF2C1C337F63006E8FE5 /* AppDelegate.m in Sources */ = {isa = PBXBuildFile; fileRef = C7DDFF2B1C337F63006E8FE5 /* AppDelegate.m */; };
		C7DDFF2F1C337F63006E8FE5 /* ViewController.m in Sources */ = {isa = PBXBuildFile; fileRef = C7DDFF2E1C337F63006E8FE5 /* ViewController.m */; };
		C7DDFF321C337F63006E8FE5 /* Main.storyboard in Resources */ = {isa = PBXBuildFile; fileRef = C7DDFF301C337F63006E8FE5 /* Main.storyboard */; };
		C7DDFF351C337F63006E8FE5 /* text_.xcdatamodeld in Sources */ = {isa = PBXBuildFile; fileRef = C7DDFF331C337F63006E8FE5 /* text_.xcdatamodeld */; };
		C7DDFF371C337F63006E8FE5 /* Assets.xcassets in Resources */ = {isa = PBXBuildFile; fileRef = C7DDFF361C337F63006E8FE5 /* Assets.xcassets */; };
		C7DDFF3A1C337F63006E8FE5 /* LaunchScreen.storyboard in Resources */ = {isa = PBXBuildFile; fileRef = C7DDFF381C337F63006E8FE5 /* LaunchScreen.storyboard */; };
		C7DDFF451C337F63006E8FE5 /* text_Tests.m in Sources */ = {isa = PBXBuildFile; fileRef = C7DDFF441C337F63006E8FE5 /* text_Tests.m */; };
		C7DDFF501C337F63006E8FE5 /* text_UITests.m in Sources */ = {isa = PBXBuildFile; fileRef = C7DDFF4F1C337F63006E8FE5 /* text_UITests.m */; };
/* End PBXBuildFile section */

/* Begin PBXContainerItemProxy section */
		C7DDFF411C337F63006E8FE5 /* PBXContainerItemProxy */ = {
			isa = PBXContainerItemProxy;
			containerPortal = C7DDFF1C1C337F63006E8FE5 /* Project object */;
			proxyType = 1;
			remoteGlobalIDString = C7DDFF231C337F63006E8FE5;
			remoteInfo = "text-";
		};
		C7DDFF4C1C337F63006E8FE5 /* PBXContainerItemProxy */ = {
			isa = PBXContainerItemProxy;
			containerPortal = C7DDFF1C1C337F63006E8FE5 /* Project object */;
			proxyType = 1;
			remoteGlobalIDString = C7DDFF231C337F63006E8FE5;
			remoteInfo = "text-";
		};
/* End PBXContainerItemProxy section */

/* Begin PBXFileReference section */
		C7DDFF241C337F63006E8FE5 /* text-.app */ = {isa = PBXFileReference; explicitFileType = wrapper.application; includeInIndex = 0; path = "text-.app"; sourceTree = BUILT_PRODUCTS_DIR; };
		C7DDFF281C337F63006E8FE5 /* main.m */ = {isa = PBXFileReference; lastKnownFileType = sourcecode.c.objc; path = main.m; sourceTree = "<group>"; };
		C7DDFF2A1C337F63006E8FE5 /* AppDelegate.h */ = {isa = PBXFileReference; lastKnownFileType = sourcecode.c.h; path = AppDelegate.h; sourceTree = "<group>"; };
		C7DDFF2B1C337F63006E8FE5 /* AppDelegate.m */ = {isa = PBXFileReference; lastKnownFileType = sourcecode.c.objc; path = AppDelegate.m; sourceTree = "<group>"; };
		C7DDFF2D1C337F63006E8FE5 /* ViewController.h */ = {isa = PBXFileReference; lastKnownFileType = sourcecode.c.h; path = ViewController.h; sourceTree = "<group>"; };
		C7DDFF2E1C337F63006E8FE5 /* ViewController.m */ = {isa = PBXFileReference; lastKnownFileType = sourcecode.c.objc; path = ViewController.m; sourceTree = "<group>"; };
		C7DDFF311C337F63006E8FE5 /* Base */ = {isa = PBXFileReference; lastKnownFileType = file.storyboard; name = Base; path = Base.lproj/Main.storyboard; sourceTree = "<group>"; };
		C7DDFF341C337F63006E8FE5 /* text_.xcdatamodel */ = {isa = PBXFileReference; lastKnownFileType = wrapper.xcdatamodel; path = text_.xcdatamodel; sourceTree = "<group>"; };
		C7DDFF361C337F63006E8FE5 /* Assets.xcassets */ = {isa = PBXFileReference; lastKnownFileType = folder.assetcatalog; path = Assets.xcassets; sourceTree = "<group>"; };
		C7DDFF391C337F63006E8FE5 /* Base */ = {isa = PBXFileReference; lastKnownFileType = file.storyboard; name = Base; path = Base.lproj/LaunchScreen.storyboard; sourceTree = "<group>"; };
		C7DDFF3B1C337F63006E8FE5 /* Info.plist */ = {isa = PBXFileReference; lastKnownFileType = text.plist.xml; path = Info.plist; sourceTree = "<group>"; };
		C7DDFF401C337F63006E8FE5 /* text-Tests.xctest */ = {isa = PBXFileReference; explicitFileType = wrapper.cfbundle; includeInIndex = 0; path = "text-Tests.xctest"; sourceTree = BUILT_PRODUCTS_DIR; };
		C7DDFF441C337F63006E8FE5 /* text_Tests.m */ = {isa = PBXFileReference; lastKnownFileType = sourcecode.c.objc; path = text_Tests.m; sourceTree = "<group>"; };
		C7DDFF461C337F63006E8FE5 /* Info.plist */ = {isa = PBXFileReference; lastKnownFileType = text.plist.xml; path = Info.plist; sourceTree = "<group>"; };
		C7DDFF4B1C337F63006E8FE5 /* text-UITests.xctest */ = {isa = PBXFileReference; explicitFileType = wrapper.cfbundle; includeInIndex = 0; path = "text-UITests.xctest"; sourceTree = BUILT_PRODUCTS_DIR; };
		C7DDFF4F1C337F63006E8FE5 /* text_UITests.m */ = {isa = PBXFileReference; lastKnownFileType = sourcecode.c.objc; path = text_UITests.m; sourceTree = "<group>"; };
		C7DDFF511C337F63006E8FE5 /* Info.plist */ = {isa = PBXFileReference; lastKnownFileType = text.plist.xml; path = Info.plist; sourceTree = "<group>"; };
/* End PBXFileReference section */

/* Begin PBXFrameworksBuildPhase section */
		C7DDFF211C337F63006E8FE5 /* Frameworks */ = {
			isa = PBXFrameworksBuildPhase;
			buildActionMask = 2147483647;
			files = (
			);
			runOnlyForDeploymentPostprocessing = 0;
		};
		C7DDFF3D1C337F63006E8FE5 /* Frameworks */ = {
			isa = PBXFrameworksBuildPhase;
			buildActionMask = 2147483647;
			files = (
			);
			runOnlyForDeploymentPostprocessing = 0;
		};
		C7DDFF481C337F63006E8FE5 /* Frameworks */ = {
			isa = PBXFrameworksBuildPhase;
			buildActionMask = 2147483647;
			files = (
			);
			runOnlyForDeploymentPostprocessing = 0;
		};
/* End PBXFrameworksBuildPhase section */

/* Begin PBXGroup section */
		C7DDFF1B1C337F63006E8FE5 = {
			isa = PBXGroup;
			children = (
				C7DDFF261C337F63006E8FE5 /* text- */,
				C7DDFF431C337F63006E8FE5 /* text-Tests */,
				C7DDFF4E1C337F63006E8FE5 /* text-UITests */,
				C7DDFF251C337F63006E8FE5 /* Products */,
			);
			sourceTree = "<group>";
		};
		C7DDFF251C337F63006E8FE5 /* Products */ = {
			isa = PBXGroup;
			children = (
				C7DDFF241C337F63006E8FE5 /* text-.app */,
				C7DDFF401C337F63006E8FE5 /* text-Tests.xctest */,
				C7DDFF4B1C337F63006E8FE5 /* text-UITests.xctest */,
			);
			name = Products;
			sourceTree = "<group>";
		};
		C7DDFF261C337F63006E8FE5 /* text- */ = {
			isa = PBXGroup;
			children = (
				C7DDFF2A1C337F63006E8FE5 /* AppDelegate.h */,
				C7DDFF2B1C337F63006E8FE5 /* AppDelegate.m */,
				C7DDFF2D1C337F63006E8FE5 /* ViewController.h */,
				C7DDFF2E1C337F63006E8FE5 /* ViewController.m */,
				C7DDFF301C337F63006E8FE5 /* Main.storyboard */,
				C7DDFF361C337F63006E8FE5 /* Assets.xcassets */,
				C7DDFF381C337F63006E8FE5 /* LaunchScreen.storyboard */,
				C7DDFF3B1C337F63006E8FE5 /* Info.plist */,
				C7DDFF331C337F63006E8FE5 /* text_.xcdatamodeld */,
				C7DDFF271C337F63006E8FE5 /* Supporting Files */,
			);
			path = "text-";
			sourceTree = "<group>";
		};
		C7DDFF271C337F63006E8FE5 /* Supporting Files */ = {
			isa = PBXGroup;
			children = (
				C7DDFF281C337F63006E8FE5 /* main.m */,
			);
			name = "Supporting Files";
			sourceTree = "<group>";
		};
		C7DDFF431C337F63006E8FE5 /* text-Tests */ = {
			isa = PBXGroup;
			children = (
				C7DDFF441C337F63006E8FE5 /* text_Tests.m */,
				C7DDFF461C337F63006E8FE5 /* Info.plist */,
			);
			path = "text-Tests";
			sourceTree = "<group>";
		};
		C7DDFF4E1C337F63006E8FE5 /* text-UITests */ = {
			isa = PBXGroup;
			children = (
				C7DDFF4F1C337F63006E8FE5 /* text_UITests.m */,
				C7DDFF511C337F63006E8FE5 /* Info.plist */,
			);
			path = "text-UITests";
			sourceTree = "<group>";
		};
/* End PBXGroup section */

/* Begin PBXNativeTarget section */
		C7DDFF231C337F63006E8FE5 /* text- */ = {
			isa = PBXNativeTarget;
			buildConfigurationList = C7DDFF541C337F63006E8FE5 /* Build configuration list for PBXNativeTarget "text-" */;
			buildPhases = (
				C7DDFF201C337F63006E8FE5 /* Sources */,
				C7DDFF211C337F63006E8FE5 /* Frameworks */,
				C7DDFF221C337F63006E8FE5 /* Resources */,
			);
			buildRules = (
			);
			dependencies = (
			);
			name = "text-";
			productName = "text-";
			productReference = C7DDFF241C337F63006E8FE5 /* text-.app */;
			productType = "com.apple.product-type.application";
		};
		C7DDFF3F1C337F63006E8FE5 /* text-Tests */ = {
			isa = PBXNativeTarget;
			buildConfigurationList = C7DDFF571C337F63006E8FE5 /* Build configuration list for PBXNativeTarget "text-Tests" */;
			buildPhases = (
				C7DDFF3C1C337F63006E8FE5 /* Sources */,
				C7DDFF3D1C337F63006E8FE5 /* Frameworks */,
				C7DDFF3E1C337F63006E8FE5 /* Resources */,
			);
			buildRules = (
			);
			dependencies = (
				C7DDFF421C337F63006E8FE5 /* PBXTargetDependency */,
			);
			name = "text-Tests";
			productName = "text-Tests";
			productReference = C7DDFF401C337F63006E8FE5 /* text-Tests.xctest */;
			productType = "com.apple.product-type.bundle.unit-test";
		};
		C7DDFF4A1C337F63006E8FE5 /* text-UITests */ = {
			isa = PBXNativeTarget;
			buildConfigurationList = C7DDFF5A1C337F63006E8FE5 /* Build configuration list for PBXNativeTarget "text-UITests" */;
			buildPhases = (
				C7DDFF471C337F63006E8FE5 /* Sources */,
				C7DDFF481C337F63006E8FE5 /* Frameworks */,
				C7DDFF491C337F63006E8FE5 /* Resources */,
			);
			buildRules = (
			);
			dependencies = (
				C7DDFF4D1C337F63006E8FE5 /* PBXTargetDependency */,
			);
			name = "text-UITests";
			productName = "text-UITests";
			productReference = C7DDFF4B1C337F63006E8FE5 /* text-UITests.xctest */;
			productType = "com.apple.product-type.bundle.ui-testing";
		};
/* End PBXNativeTarget section */

/* Begin PBXProject section */
		C7DDFF1C1C337F63006E8FE5 /* Project object */ = {
			isa = PBXProject;
			attributes = {
				LastUpgradeCheck = 0720;
				ORGANIZATIONNAME = dc009;
				TargetAttributes = {
					C7DDFF231C337F63006E8FE5 = {
						CreatedOnToolsVersion = 7.2;
					};
					C7DDFF3F1C337F63006E8FE5 = {
						CreatedOnToolsVersion = 7.2;
						TestTargetID = C7DDFF231C337F63006E8FE5;
					};
					C7DDFF4A1C337F63006E8FE5 = {
						CreatedOnToolsVersion = 7.2;
						TestTargetID = C7DDFF231C337F63006E8FE5;
					};
				};
			};
			buildConfigurationList = C7DDFF1F1C337F63006E8FE5 /* Build configuration list for PBXProject "text-" */;
			compatibilityVersion = "Xcode 3.2";
			developmentRegion = English;
			hasScannedForEncodings = 0;
			knownRegions = (
				en,
				Base,
			);
			mainGroup = C7DDFF1B1C337F63006E8FE5;
			productRefGroup = C7DDFF251C337F63006E8FE5 /* Products */;
			projectDirPath = "";
			projectRoot = "";
			targets = (
				C7DDFF231C337F63006E8FE5 /* text- */,
				C7DDFF3F1C337F63006E8FE5 /* text-Tests */,
				C7DDFF4A1C337F63006E8FE5 /* text-UITests */,
			);
		};
/* End PBXProject section */

/* Begin PBXResourcesBuildPhase section */
		C7DDFF221C337F63006E8FE5 /* Resources */ = {
			isa = PBXResourcesBuildPhase;
			buildActionMask = 2147483647;
			files = (
				C7DDFF3A1C337F63006E8FE5 /* LaunchScreen.storyboard in Resources */,
				C7DDFF371C337F63006E8FE5 /* Assets.xcassets in Resources */,
				C7DDFF321C337F63006E8FE5 /* Main.storyboard in Resources */,
			);
			runOnlyForDeploymentPostprocessing = 0;
		};
		C7DDFF3E1C337F63006E8FE5 /* Resources */ = {
			isa = PBXResourcesBuildPhase;
			buildActionMask = 2147483647;
			files = (
			);
			runOnlyForDeploymentPostprocessing = 0;
		};
		C7DDFF491C337F63006E8FE5 /* Resources */ = {
			isa = PBXResourcesBuildPhase;
			buildActionMask = 2147483647;
			files = (
			);
			runOnlyForDeploymentPostprocessing = 0;
		};
/* End PBXResourcesBuildPhase section */

/* Begin PBXSourcesBuildPhase section */
		C7DDFF201C337F63006E8FE5 /* Sources */ = {
			isa = PBXSourcesBuildPhase;
			buildActionMask = 2147483647;
			files = (
				C7DDFF2F1C337F63006E8FE5 /* ViewController.m in Sources */,
				C7DDFF2C1C337F63006E8FE5 /* AppDelegate.m in Sources */,
				C7DDFF351C337F63006E8FE5 /* text_.xcdatamodeld in Sources */,
				C7DDFF291C337F63006E8FE5 /* main.m in Sources */,
			);
			runOnlyForDeploymentPostprocessing = 0;
		};
		C7DDFF3C1C337F63006E8FE5 /* Sources */ = {
			isa = PBXSourcesBuildPhase;
			buildActionMask = 2147483647;
			files = (
				C7DDFF451C337F63006E8FE5 /* text_Tests.m in Sources */,
			);
			runOnlyForDeploymentPostprocessing = 0;
		};
		C7DDFF471C337F63006E8FE5 /* Sources */ = {
			isa = PBXSourcesBuildPhase;
			buildActionMask = 2147483647;
			files = (
				C7DDFF501C337F63006E8FE5 /* text_UITests.m in Sources */,
			);
			runOnlyForDeploymentPostprocessing = 0;
		};
/* End PBXSourcesBuildPhase section */

/* Begin PBXTargetDependency section */
		C7DDFF421C337F63006E8FE5 /* PBXTargetDependency */ = {
			isa = PBXTargetDependency;
			target = C7DDFF231C337F63006E8FE5 /* text- */;
			targetProxy = C7DDFF411C337F63006E8FE5 /* PBXContainerItemProxy */;
		};
		C7DDFF4D1C337F63006E8FE5 /* PBXTargetDependency */ = {
			isa = PBXTargetDependency;
			target = C7DDFF231C337F63006E8FE5 /* text- */;
			targetProxy = C7DDFF4C1C337F63006E8FE5 /* PBXContainerItemProxy */;
		};
/* End PBXTargetDependency section */

/* Begin PBXVariantGroup section */
		C7DDFF301C337F63006E8FE5 /* Main.storyboard */ = {
			isa = PBXVariantGroup;
			children = (
				C7DDFF311C337F63006E8FE5 /* Base */,
			);
			name = Main.storyboard;
			sourceTree = "<group>";
		};
		C7DDFF381C337F63006E8FE5 /* LaunchScreen.storyboard */ = {
			isa = PBXVariantGroup;
			children = (
				C7DDFF391C337F63006E8FE5 /* Base */,
			);
			name = LaunchScreen.storyboard;
			sourceTree = "<group>";
		};
/* End PBXVariantGroup section */

/* Begin XCBuildConfiguration section */
		C7DDFF521C337F63006E8FE5 /* Debug */ = {
			isa = XCBuildConfiguration;
			buildSettings = {
				ALWAYS_SEARCH_USER_PATHS = NO;
				CLANG_CXX_LANGUAGE_STANDARD = "gnu++0x";
				CLANG_CXX_LIBRARY = "libc++";
				CLANG_ENABLE_MODULES = YES;
				CLANG_ENABLE_OBJC_ARC = YES;
				CLANG_WARN_BOOL_CONVERSION = YES;
				CLANG_WARN_CONSTANT_CONVERSION = YES;
				CLANG_WARN_DIRECT_OBJC_ISA_USAGE = YES_ERROR;
				CLANG_WARN_EMPTY_BODY = YES;
				CLANG_WARN_ENUM_CONVERSION = YES;
				CLANG_WARN_INT_CONVERSION = YES;
				CLANG_WARN_OBJC_ROOT_CLASS = YES_ERROR;
				CLANG_WARN_UNREACHABLE_CODE = YES;
				CLANG_WARN__DUPLICATE_METHOD_MATCH = YES;
				"CODE_SIGN_IDENTITY[sdk=iphoneos*]" = "iPhone Developer";
				COPY_PHASE_STRIP = NO;
				DEBUG_INFORMATION_FORMAT = dwarf;
				ENABLE_STRICT_OBJC_MSGSEND = YES;
				ENABLE_TESTABILITY = YES;
				GCC_C_LANGUAGE_STANDARD = gnu99;
				GCC_DYNAMIC_NO_PIC = NO;
				GCC_NO_COMMON_BLOCKS = YES;
				GCC_OPTIMIZATION_LEVEL = 0;
				GCC_PREPROCESSOR_DEFINITIONS = (
					"DEBUG=1",
					"$(inherited)",
				);
				GCC_WARN_64_TO_32_BIT_CONVERSION = YES;
				GCC_WARN_ABOUT_RETURN_TYPE = YES_ERROR;
				GCC_WARN_UNDECLARED_SELECTOR = YES;
				GCC_WARN_UNINITIALIZED_AUTOS = YES_AGGRESSIVE;
				GCC_WARN_UNUSED_FUNCTION = YES;
				GCC_WARN_UNUSED_VARIABLE = YES;
				IPHONEOS_DEPLOYMENT_TARGET = 9.2;
				MTL_ENABLE_DEBUG_INFO = YES;
				ONLY_ACTIVE_ARCH = YES;
				SDKROOT = iphoneos;
			};
			name = Debug;
		};
		C7DDFF531C337F63006E8FE5 /* Release */ = {
			isa = XCBuildConfiguration;
			buildSettings = {
				ALWAYS_SEARCH_USER_PATHS = NO;
				CLANG_CXX_LANGUAGE_STANDARD = "gnu++0x";
				CLANG_CXX_LIBRARY = "libc++";
				CLANG_ENABLE_MODULES = YES;
				CLANG_ENABLE_OBJC_ARC = YES;
				CLANG_WARN_BOOL_CONVERSION = YES;
				CLANG_WARN_CONSTANT_CONVERSION = YES;
				CLANG_WARN_DIRECT_OBJC_ISA_USAGE = YES_ERROR;
				CLANG_WARN_EMPTY_BODY = YES;
				CLANG_WARN_ENUM_CONVERSION = YES;
				CLANG_WARN_INT_CONVERSION = YES;
				CLANG_WARN_OBJC_ROOT_CLASS = YES_ERROR;
				CLANG_WARN_UNREACHABLE_CODE = YES;
				CLANG_WARN__DUPLICATE_METHOD_MATCH = YES;
				"CODE_SIGN_IDENTITY[sdk=iphoneos*]" = "iPhone Developer";
				COPY_PHASE_STRIP = NO;
				DEBUG_INFORMATION_FORMAT = "dwarf-with-dsym";
				ENABLE_NS_ASSERTIONS = NO;
				ENABLE_STRICT_OBJC_MSGSEND = YES;
				GCC_C_LANGUAGE_STANDARD = gnu99;
				GCC_NO_COMMON_BLOCKS = YES;
				GCC_WARN_64_TO_32_BIT_CONVERSION = YES;
				GCC_WARN_ABOUT_RETURN_TYPE = YES_ERROR;
				GCC_WARN_UNDECLARED_SELECTOR = YES;
				GCC_WARN_UNINITIALIZED_AUTOS = YES_AGGRESSIVE;
				GCC_WARN_UNUSED_FUNCTION = YES;
				GCC_WARN_UNUSED_VARIABLE = YES;
				IPHONEOS_DEPLOYMENT_TARGET = 9.2;
				MTL_ENABLE_DEBUG_INFO = NO;
				SDKROOT = iphoneos;
				VALIDATE_PRODUCT = YES;
			};
			name = Release;
		};
		C7DDFF551C337F63006E8FE5 /* Debug */ = {
			isa = XCBuildConfiguration;
			buildSettings = {
				ASSETCATALOG_COMPILER_APPICON_NAME = AppIcon;
				INFOPLIST_FILE = "text-/Info.plist";
				LD_RUNPATH_SEARCH_PATHS = "$(inherited) @executable_path/Frameworks";
				PRODUCT_BUNDLE_IDENTIFIER = "gh.text-";
				PRODUCT_NAME = "$(TARGET_NAME)";
			};
			name = Debug;
		};
		C7DDFF561C337F63006E8FE5 /* Release */ = {
			isa = XCBuildConfiguration;
			buildSettings = {
				ASSETCATALOG_COMPILER_APPICON_NAME = AppIcon;
				INFOPLIST_FILE = "text-/Info.plist";
				LD_RUNPATH_SEARCH_PATHS = "$(inherited) @executable_path/Frameworks";
				PRODUCT_BUNDLE_IDENTIFIER = "gh.text-";
				PRODUCT_NAME = "$(TARGET_NAME)";
			};
			name = Release;
		};
		C7DDFF581C337F63006E8FE5 /* Debug */ = {
			isa = XCBuildConfiguration;
			buildSettings = {
				BUNDLE_LOADER = "$(TEST_HOST)";
				INFOPLIST_FILE = "text-Tests/Info.plist";
				LD_RUNPATH_SEARCH_PATHS = "$(inherited) @executable_path/Frameworks @loader_path/Frameworks";
				PRODUCT_BUNDLE_IDENTIFIER = "gh.text-Tests";
				PRODUCT_NAME = "$(TARGET_NAME)";
				TEST_HOST = "$(BUILT_PRODUCTS_DIR)/text-.app/text-";
			};
			name = Debug;
		};
		C7DDFF591C337F63006E8FE5 /* Release */ = {
			isa = XCBuildConfiguration;
			buildSettings = {
				BUNDLE_LOADER = "$(TEST_HOST)";
				INFOPLIST_FILE = "text-Tests/Info.plist";
				LD_RUNPATH_SEARCH_PATHS = "$(inherited) @executable_path/Frameworks @loader_path/Frameworks";
				PRODUCT_BUNDLE_IDENTIFIER = "gh.text-Tests";
				PRODUCT_NAME = "$(TARGET_NAME)";
				TEST_HOST = "$(BUILT_PRODUCTS_DIR)/text-.app/text-";
			};
			name = Release;
		};
		C7DDFF5B1C337F63006E8FE5 /* Debug */ = {
			isa = XCBuildConfiguration;
			buildSettings = {
				INFOPLIST_FILE = "text-UITests/Info.plist";
				LD_RUNPATH_SEARCH_PATHS = "$(inherited) @executable_path/Frameworks @loader_path/Frameworks";
				PRODUCT_BUNDLE_IDENTIFIER = "gh.text-UITests";
				PRODUCT_NAME = "$(TARGET_NAME)";
				TEST_TARGET_NAME = "text-";
				USES_XCTRUNNER = YES;
			};
			name = Debug;
		};
		C7DDFF5C1C337F63006E8FE5 /* Release */ = {
			isa = XCBuildConfiguration;
			buildSettings = {
				INFOPLIST_FILE = "text-UITests/Info.plist";
				LD_RUNPATH_SEARCH_PATHS = "$(inherited) @executable_path/Frameworks @loader_path/Frameworks";
				PRODUCT_BUNDLE_IDENTIFIER = "gh.text-UITests";
				PRODUCT_NAME = "$(TARGET_NAME)";
				TEST_TARGET_NAME = "text-";
				USES_XCTRUNNER = YES;
			};
			name = Release;
		};
/* End XCBuildConfiguration section */

/* Begin XCConfigurationList section */
		C7DDFF1F1C337F63006E8FE5 /* Build configuration list for PBXProject "text-" */ = {
			isa = XCConfigurationList;
			buildConfigurations = (
				C7DDFF521C337F63006E8FE5 /* Debug */,
				C7DDFF531C337F63006E8FE5 /* Release */,
			);
			defaultConfigurationIsVisible = 0;
			defaultConfigurationName = Release;
		};
		C7DDFF541C337F63006E8FE5 /* Build configuration list for PBXNativeTarget "text-" */ = {
			isa = XCConfigurationList;
			buildConfigurations = (
				C7DDFF551C337F63006E8FE5 /* Debug */,
				C7DDFF561C337F63006E8FE5 /* Release */,
			);
			defaultConfigurationIsVisible = 0;
		};
		C7DDFF571C337F63006E8FE5 /* Build configuration list for PBXNativeTarget "text-Tests" */ = {
			isa = XCConfigurationList;
			buildConfigurations = (
				C7DDFF581C337F63006E8FE5 /* Debug */,
				C7DDFF591C337F63006E8FE5 /* Release */,
			);
			defaultConfigurationIsVisible = 0;
		};
		C7DDFF5A1C337F63006E8FE5 /* Build configuration list for PBXNativeTarget "text-UITests" */ = {
			isa = XCConfigurationList;
			buildConfigurations = (
				C7DDFF5B1C337F63006E8FE5 /* Debug */,
				C7DDFF5C1C337F63006E8FE5 /* Release */,
			);
			defaultConfigurationIsVisible = 0;
		};
/* End XCConfigurationList section */

/* Begin XCVersionGroup section */
		C7DDFF331C337F63006E8FE5 /* text_.xcdatamodeld */ = {
			isa = XCVersionGroup;
			children = (
				C7DDFF341C337F63006E8FE5 /* text_.xcdatamodel */,
			);
			currentVersion = C7DDFF341C337F63006E8FE5 /* text_.xcdatamodel */;
			path = text_.xcdatamodeld;
			sourceTree = "<group>";
			versionGroupType = wrapper.xcdatamodel;
		};
/* End XCVersionGroup section */
	};
	rootObject = C7DDFF1C1C337F63006E8FE5 /* Project object */;
}
